
Microsoft Visual Studio Solution File, Format Version 11.00
# Visual Studio 2010
Project("{FAE04EC0-301F-11D3-BF4B-00C04F79EFBC}") = "Assembly-CSharp", "Assembly-CSharp.csproj", "{7A2F74F8-3243-62EA-C2C2-B0F10D8DC278}"
EndProject
Global
	GlobalSection(SolutionConfigurationPlatforms) = preSolution
		Debug|Any CPU = Debug|Any CPU
		Release|Any CPU = Release|Any CPU
	EndGlobalSection
	GlobalSection(ProjectConfigurationPlatforms) = postSolution
		{7A2F74F8-3243-62EA-C2C2-B0F10D8DC278}.Debug|Any CPU.ActiveCfg = Debug|Any CPU
		{7A2F74F8-3243-62EA-C2C2-B0F10D8DC278}.Debug|Any CPU.Build.0 = Debug|Any CPU
		{7A2F74F8-3243-62EA-C2C2-B0F10D8DC278}.Release|Any CPU.ActiveCfg = Release|Any CPU
		{7A2F74F8-3243-62EA-C2C2-B0F10D8DC278}.Release|Any CPU.Build.0 = Release|Any CPU
	EndGlobalSection
	GlobalSection(SolutionProperties) = preSolution
		HideSolutionNode = FALSE
	EndGlobalSection
EndGlobal
